
Microsoft Visual Studio Solution File, Format Version 12.00
# Visual Studio 14
VisualStudioVersion = 14.0.23107.0
MinimumVisualStudioVersion = 10.0.40219.1
Project("{FAE04EC0-301F-11D3-BF4B-00C04F79EFBC}") = "Entities", "Entities\Entities.csproj", "{11C177EF-3360-4EBF-883C-5D17C8FE63CA}"
EndProject
Project("{FAE04EC0-301F-11D3-BF4B-00C04F79EFBC}") = "Storage", "Storage\Storage.csproj", "{4471E047-6EBC-4C66-93A1-5D6EAEA1AB91}"
EndProject
Project("{CC5FD16D-436D-48AD-A40C-5A424C6E3E79}") = "TweetPublishService", "TweetPublishService\TweetPublishService.ccproj", "{7147B9B5-523B-4A4D-AA90-6BA32C36F700}"
EndProject
Project("{FAE04EC0-301F-11D3-BF4B-00C04F79EFBC}") = "TweetrPublisher", "TweetrPublisher\TweetrPublisher.csproj", "{E338C5E0-1180-4967-A74B-D62077C510CF}"
EndProject
Project("{2150E333-8FDC-42A3-9474-1A3956D46DE8}") = "AzureManagement", "AzureManagement", "{E2567D71-EDA0-43EF-87CD-C4062B63F814}"
EndProject
Project("{2150E333-8FDC-42A3-9474-1A3956D46DE8}") = "publish-scripts", "publish-scripts", "{DDC3CF0F-5C16-4ED0-835E-F1049467E858}"
	ProjectSection(SolutionItems) = preProject
		AzureManagement\publish-scripts\Create-GRResourceGroup.ps1 = AzureManagement\publish-scripts\Create-GRResourceGroup.ps1
		AzureManagement\publish-scripts\Package-CloudServiceProject.ps1 = AzureManagement\publish-scripts\Package-CloudServiceProject.ps1
		AzureManagement\publish-scripts\Publish-CloudServiceFromPackage.ps1 = AzureManagement\publish-scripts\Publish-CloudServiceFromPackage.ps1
		AzureManagement\publish-scripts\Set-ProjectCloudConfigurations.ps1 = AzureManagement\publish-scripts\Set-ProjectCloudConfigurations.ps1
		AzureManagement\publish-scripts\tweet-publish-subscribe.json = AzureManagement\publish-scripts\tweet-publish-subscribe.json
	EndProjectSection
EndProject
Project("{2150E333-8FDC-42A3-9474-1A3956D46DE8}") = "resource-manager", "resource-manager", "{373F3F27-7FD1-453E-9D17-2B9F822C1364}"
	ProjectSection(SolutionItems) = preProject
		AzureManagement\resource-manager\deploy-webapp.ps1 = AzureManagement\resource-manager\deploy-webapp.ps1
		AzureManagement\resource-manager\geekretreat-storage-deploy.json = AzureManagement\resource-manager\geekretreat-storage-deploy.json
		AzureManagement\resource-manager\geekretreat-webapp-deploy.json = AzureManagement\resource-manager\geekretreat-webapp-deploy.json
		AzureManagement\resource-manager\website.publishproj = AzureManagement\resource-manager\website.publishproj
	EndProjectSection
EndProject
Project("{8BB2217D-0F2D-49D1-97BC-3654ED321F3B}") = "Entities.Package", "Entities.Package\Entities.Package.xproj", "{F7ABCD21-E009-4F88-ACD9-6E4DD0978A02}"
EndProject
Project("{2150E333-8FDC-42A3-9474-1A3956D46DE8}") = "Solution Items", "Solution Items", "{3591E108-FA7F-496C-ADB0-E90FCE4A3AAF}"
	ProjectSection(SolutionItems) = preProject
		Entities.Package\global.json = Entities.Package\global.json
	EndProjectSection
EndProject
Global
	GlobalSection(SolutionConfigurationPlatforms) = preSolution
		Debug|Any CPU = Debug|Any CPU
		Release|Any CPU = Release|Any CPU
	EndGlobalSection
	GlobalSection(ProjectConfigurationPlatforms) = postSolution
		{11C177EF-3360-4EBF-883C-5D17C8FE63CA}.Debug|Any CPU.ActiveCfg = Debug|Any CPU
		{11C177EF-3360-4EBF-883C-5D17C8FE63CA}.Debug|Any CPU.Build.0 = Debug|Any CPU
		{11C177EF-3360-4EBF-883C-5D17C8FE63CA}.Release|Any CPU.ActiveCfg = Release|Any CPU
		{11C177EF-3360-4EBF-883C-5D17C8FE63CA}.Release|Any CPU.Build.0 = Release|Any CPU
		{4471E047-6EBC-4C66-93A1-5D6EAEA1AB91}.Debug|Any CPU.ActiveCfg = Debug|Any CPU
		{4471E047-6EBC-4C66-93A1-5D6EAEA1AB91}.Debug|Any CPU.Build.0 = Debug|Any CPU
		{4471E047-6EBC-4C66-93A1-5D6EAEA1AB91}.Release|Any CPU.ActiveCfg = Release|Any CPU
		{4471E047-6EBC-4C66-93A1-5D6EAEA1AB91}.Release|Any CPU.Build.0 = Release|Any CPU
		{7147B9B5-523B-4A4D-AA90-6BA32C36F700}.Debug|Any CPU.ActiveCfg = Debug|Any CPU
		{7147B9B5-523B-4A4D-AA90-6BA32C36F700}.Debug|Any CPU.Build.0 = Debug|Any CPU
		{7147B9B5-523B-4A4D-AA90-6BA32C36F700}.Release|Any CPU.ActiveCfg = Release|Any CPU
		{7147B9B5-523B-4A4D-AA90-6BA32C36F700}.Release|Any CPU.Build.0 = Release|Any CPU
		{E338C5E0-1180-4967-A74B-D62077C510CF}.Debug|Any CPU.ActiveCfg = Debug|Any CPU
		{E338C5E0-1180-4967-A74B-D62077C510CF}.Debug|Any CPU.Build.0 = Debug|Any CPU
		{E338C5E0-1180-4967-A74B-D62077C510CF}.Release|Any CPU.ActiveCfg = Release|Any CPU
		{E338C5E0-1180-4967-A74B-D62077C510CF}.Release|Any CPU.Build.0 = Release|Any CPU
		{F7ABCD21-E009-4F88-ACD9-6E4DD0978A02}.Debug|Any CPU.ActiveCfg = Debug|Any CPU
		{F7ABCD21-E009-4F88-ACD9-6E4DD0978A02}.Debug|Any CPU.Build.0 = Debug|Any CPU
		{F7ABCD21-E009-4F88-ACD9-6E4DD0978A02}.Release|Any CPU.ActiveCfg = Release|Any CPU
		{F7ABCD21-E009-4F88-ACD9-6E4DD0978A02}.Release|Any CPU.Build.0 = Release|Any CPU
	EndGlobalSection
	GlobalSection(SolutionProperties) = preSolution
		HideSolutionNode = FALSE
	EndGlobalSection
	GlobalSection(NestedProjects) = preSolution
		{DDC3CF0F-5C16-4ED0-835E-F1049467E858} = {E2567D71-EDA0-43EF-87CD-C4062B63F814}
		{373F3F27-7FD1-453E-9D17-2B9F822C1364} = {E2567D71-EDA0-43EF-87CD-C4062B63F814}
	EndGlobalSection
EndGlobal
